
Microsoft Visual Studio Solution File, Format Version 12.00
# Visual Studio Version 16
VisualStudioVersion = 16.0.29009.5
MinimumVisualStudioVersion = 10.0.40219.1
Project("{9A19103F-16F7-4668-BE54-9A1E7A4F7556}") = "AOE.Application.Base", "AOE.Application.Base\AOE.Application.Base.csproj", "{582B4C9E-6F2D-45C0-AEEA-5C08BACDE36F}"
EndProject
Project("{9A19103F-16F7-4668-BE54-9A1E7A4F7556}") = "AOE.Web", "AOE.Web\AOE.Web.csproj", "{185CB4C2-C771-48B2-9310-2914971B531E}"
EndProject
Project("{FAE04EC0-301F-11D3-BF4B-00C04F79EFBC}") = "AOE.App", "AOE.App\AOE.App.csproj", "{76E8C1C8-3A68-4DDA-8FB4-266AB8C93648}"
EndProject
Project("{FAE04EC0-301F-11D3-BF4B-00C04F79EFBC}") = "AOE.Application", "AOE.Application\AOE.Application.csproj", "{80735EDB-E7B3-4F39-85B0-2B00DE3F7C8A}"
EndProject
Project("{FAE04EC0-301F-11D3-BF4B-00C04F79EFBC}") = "AOE.Database", "AOE.Database\AOE.Database.csproj", "{A8D418FE-BC5D-494E-A0A4-8B2166B21FF4}"
EndProject
Global
	GlobalSection(SolutionConfigurationPlatforms) = preSolution
		Debug|Any CPU = Debug|Any CPU
		Release|Any CPU = Release|Any CPU
	EndGlobalSection
	GlobalSection(ProjectConfigurationPlatforms) = postSolution
		{582B4C9E-6F2D-45C0-AEEA-5C08BACDE36F}.Debug|Any CPU.ActiveCfg = Debug|Any CPU
		{582B4C9E-6F2D-45C0-AEEA-5C08BACDE36F}.Debug|Any CPU.Build.0 = Debug|Any CPU
		{582B4C9E-6F2D-45C0-AEEA-5C08BACDE36F}.Release|Any CPU.ActiveCfg = Release|Any CPU
		{582B4C9E-6F2D-45C0-AEEA-5C08BACDE36F}.Release|Any CPU.Build.0 = Release|Any CPU
		{185CB4C2-C771-48B2-9310-2914971B531E}.Debug|Any CPU.ActiveCfg = Debug|Any CPU
		{185CB4C2-C771-48B2-9310-2914971B531E}.Debug|Any CPU.Build.0 = Debug|Any CPU
		{185CB4C2-C771-48B2-9310-2914971B531E}.Release|Any CPU.ActiveCfg = Release|Any CPU
		{185CB4C2-C771-48B2-9310-2914971B531E}.Release|Any CPU.Build.0 = Release|Any CPU
		{76E8C1C8-3A68-4DDA-8FB4-266AB8C93648}.Debug|Any CPU.ActiveCfg = Debug|Any CPU
		{76E8C1C8-3A68-4DDA-8FB4-266AB8C93648}.Debug|Any CPU.Build.0 = Debug|Any CPU
		{76E8C1C8-3A68-4DDA-8FB4-266AB8C93648}.Release|Any CPU.ActiveCfg = Release|Any CPU
		{76E8C1C8-3A68-4DDA-8FB4-266AB8C93648}.Release|Any CPU.Build.0 = Release|Any CPU
		{80735EDB-E7B3-4F39-85B0-2B00DE3F7C8A}.Debug|Any CPU.ActiveCfg = Debug|Any CPU
		{80735EDB-E7B3-4F39-85B0-2B00DE3F7C8A}.Debug|Any CPU.Build.0 = Debug|Any CPU
		{80735EDB-E7B3-4F39-85B0-2B00DE3F7C8A}.Release|Any CPU.ActiveCfg = Release|Any CPU
		{80735EDB-E7B3-4F39-85B0-2B00DE3F7C8A}.Release|Any CPU.Build.0 = Release|Any CPU
		{A8D418FE-BC5D-494E-A0A4-8B2166B21FF4}.Debug|Any CPU.ActiveCfg = Debug|Any CPU
		{A8D418FE-BC5D-494E-A0A4-8B2166B21FF4}.Debug|Any CPU.Build.0 = Debug|Any CPU
		{A8D418FE-BC5D-494E-A0A4-8B2166B21FF4}.Release|Any CPU.ActiveCfg = Release|Any CPU
		{A8D418FE-BC5D-494E-A0A4-8B2166B21FF4}.Release|Any CPU.Build.0 = Release|Any CPU
	EndGlobalSection
	GlobalSection(SolutionProperties) = preSolution
		HideSolutionNode = FALSE
	EndGlobalSection
	GlobalSection(ExtensibilityGlobals) = postSolution
		SolutionGuid = {B874F15D-F374-41A4-A9AE-26E615076DDF}
	EndGlobalSection
EndGlobal
